
Microsoft Visual Studio Solution File, Format Version 12.00
# Visual Studio Version 16
VisualStudioVersion = 16.0.30002.166
MinimumVisualStudioVersion = 10.0.40219.1
Project("{FAE04EC0-301F-11D3-BF4B-00C04F79EFBC}") = "Calculator", "Calculator\Calculator.csproj", "{516D0C46-0FDE-4C90-94BF-53F138CBC22E}"
EndProject
Global
	GlobalSection(SolutionConfigurationPlatforms) = preSolution
		Debug|Any CPU = Debug|Any CPU
		Release|Any CPU = Release|Any CPU
	EndGlobalSection
	GlobalSection(ProjectConfigurationPlatforms) = postSolution
		{516D0C46-0FDE-4C90-94BF-53F138CBC22E}.Debug|Any CPU.ActiveCfg = Debug|Any CPU
		{516D0C46-0FDE-4C90-94BF-53F138CBC22E}.Debug|Any CPU.Build.0 = Debug|Any CPU
		{516D0C46-0FDE-4C90-94BF-53F138CBC22E}.Release|Any CPU.ActiveCfg = Release|Any CPU
		{516D0C46-0FDE-4C90-94BF-53F138CBC22E}.Release|Any CPU.Build.0 = Release|Any CPU
	EndGlobalSection
	GlobalSection(SolutionProperties) = preSolution
		HideSolutionNode = FALSE
	EndGlobalSection
	GlobalSection(ExtensibilityGlobals) = postSolution
		SolutionGuid = {3084DB2F-EB28-47D1-ABFD-25A228E7CC07}
	EndGlobalSection
EndGlobal
